
Microsoft Visual Studio Solution File, Format Version 12.00
Project("{FAE04EC0-301F-11D3-BF4B-00C04F79EFBC}") = "UlearnSecondBlockofSharp", "UlearnSecondBlockofSharp\UlearnSecondBlockofSharp.csproj", "{FE6DBBF4-B2BE-4700-9FEF-E6D88B756F90}"
EndProject
Global
	GlobalSection(SolutionConfigurationPlatforms) = preSolution
		Debug|Any CPU = Debug|Any CPU
		Release|Any CPU = Release|Any CPU
	EndGlobalSection
	GlobalSection(ProjectConfigurationPlatforms) = postSolution
		{FE6DBBF4-B2BE-4700-9FEF-E6D88B756F90}.Debug|Any CPU.ActiveCfg = Debug|Any CPU
		{FE6DBBF4-B2BE-4700-9FEF-E6D88B756F90}.Debug|Any CPU.Build.0 = Debug|Any CPU
		{FE6DBBF4-B2BE-4700-9FEF-E6D88B756F90}.Release|Any CPU.ActiveCfg = Release|Any CPU
		{FE6DBBF4-B2BE-4700-9FEF-E6D88B756F90}.Release|Any CPU.Build.0 = Release|Any CPU
	EndGlobalSection
EndGlobal
